
Microsoft Visual Studio Solution File, Format Version 12.00
# Visual Studio Version 17
VisualStudioVersion = 17.3.32929.385
MinimumVisualStudioVersion = 10.0.40219.1
Project("{FAE04EC0-301F-11D3-BF4B-00C04F79EFBC}") = "5_PaymentApplication", "5_PaymentApplication\5_PaymentApplication.csproj", "{4218C0DE-A015-4B8F-AE53-BA2FA3C1F330}"
EndProject
Global
	GlobalSection(SolutionConfigurationPlatforms) = preSolution
		Debug|Any CPU = Debug|Any CPU
		Release|Any CPU = Release|Any CPU
	EndGlobalSection
	GlobalSection(ProjectConfigurationPlatforms) = postSolution
		{4218C0DE-A015-4B8F-AE53-BA2FA3C1F330}.Debug|Any CPU.ActiveCfg = Debug|Any CPU
		{4218C0DE-A015-4B8F-AE53-BA2FA3C1F330}.Debug|Any CPU.Build.0 = Debug|Any CPU
		{4218C0DE-A015-4B8F-AE53-BA2FA3C1F330}.Release|Any CPU.ActiveCfg = Release|Any CPU
		{4218C0DE-A015-4B8F-AE53-BA2FA3C1F330}.Release|Any CPU.Build.0 = Release|Any CPU
	EndGlobalSection
	GlobalSection(SolutionProperties) = preSolution
		HideSolutionNode = FALSE
	EndGlobalSection
	GlobalSection(ExtensibilityGlobals) = postSolution
		SolutionGuid = {FD278A2C-C689-4356-BFBB-4FC252218CF0}
	EndGlobalSection
EndGlobal
