
Microsoft Visual Studio Solution File, Format Version 12.00
# Visual Studio Version 17
VisualStudioVersion = 17.3.32929.385
MinimumVisualStudioVersion = 10.0.40219.1
Project("{FAE04EC0-301F-11D3-BF4B-00C04F79EFBC}") = "FutureValue", "FutureValue\FutureValue.csproj", "{872122B4-F682-40D9-9488-4826617CDC81}"
EndProject
Global
	GlobalSection(SolutionConfigurationPlatforms) = preSolution
		Debug|Any CPU = Debug|Any CPU
		Release|Any CPU = Release|Any CPU
	EndGlobalSection
	GlobalSection(ProjectConfigurationPlatforms) = postSolution
		{872122B4-F682-40D9-9488-4826617CDC81}.Debug|Any CPU.ActiveCfg = Debug|Any CPU
		{872122B4-F682-40D9-9488-4826617CDC81}.Debug|Any CPU.Build.0 = Debug|Any CPU
		{872122B4-F682-40D9-9488-4826617CDC81}.Release|Any CPU.ActiveCfg = Release|Any CPU
		{872122B4-F682-40D9-9488-4826617CDC81}.Release|Any CPU.Build.0 = Release|Any CPU
	EndGlobalSection
	GlobalSection(SolutionProperties) = preSolution
		HideSolutionNode = FALSE
	EndGlobalSection
	GlobalSection(ExtensibilityGlobals) = postSolution
		SolutionGuid = {BF6390DE-DC48-4EB7-B8A7-2BD4E0210946}
	EndGlobalSection
EndGlobal
